Microsoft Visual Studio Solution File, Format Version 12.00
# Visual Studio Version 17
VisualStudioVersion = 17.5.2.0
MinimumVisualStudioVersion = 10.0.40219.1
Project("{FAE04EC0-301F-11D3-BF4B-00C04F79EFBC}") = "openmarkethubAPI", "openmarkethubAPI.csproj", "{203310E7-888E-8C38-D828-38EF1258576B}"
EndProject
Global
	GlobalSection(SolutionConfigurationPlatforms) = preSolution
		Debug|Any CPU = Debug|Any CPU
		Release|Any CPU = Release|Any CPU
	EndGlobalSection
	GlobalSection(ProjectConfigurationPlatforms) = postSolution
		{203310E7-888E-8C38-D828-38EF1258576B}.Debug|Any CPU.ActiveCfg = Debug|Any CPU
		{203310E7-888E-8C38-D828-38EF1258576B}.Debug|Any CPU.Build.0 = Debug|Any CPU
		{203310E7-888E-8C38-D828-38EF1258576B}.Release|Any CPU.ActiveCfg = Release|Any CPU
		{203310E7-888E-8C38-D828-38EF1258576B}.Release|Any CPU.Build.0 = Release|Any CPU
	EndGlobalSection
	GlobalSection(SolutionProperties) = preSolution
		HideSolutionNode = FALSE
	EndGlobalSection
	GlobalSection(ExtensibilityGlobals) = postSolution
		SolutionGuid = {30E4FA5A-4F78-496E-9DF4-04F2E3912335}
	EndGlobalSection
EndGlobal
